
Microsoft Visual Studio Solution File, Format Version 12.00
# Visual Studio Version 17
VisualStudioVersion = 17.0.31903.59
MinimumVisualStudioVersion = 10.0.40219.1
Project("{FAE04EC0-301F-11D3-BF4B-00C04F79EFBC}") = "AdventOfCode", "AdventOfCode\AdventOfCode.csproj", "{3E555DAD-6422-4002-82A4-C9C3947297BC}"
EndProject
Global
	GlobalSection(SolutionConfigurationPlatforms) = preSolution
		Debug|Any CPU = Debug|Any CPU
		Release|Any CPU = Release|Any CPU
	EndGlobalSection
	GlobalSection(ProjectConfigurationPlatforms) = postSolution
		{3E555DAD-6422-4002-82A4-C9C3947297BC}.Debug|Any CPU.ActiveCfg = Debug|Any CPU
		{3E555DAD-6422-4002-82A4-C9C3947297BC}.Debug|Any CPU.Build.0 = Debug|Any CPU
		{3E555DAD-6422-4002-82A4-C9C3947297BC}.Release|Any CPU.ActiveCfg = Release|Any CPU
		{3E555DAD-6422-4002-82A4-C9C3947297BC}.Release|Any CPU.Build.0 = Release|Any CPU
	EndGlobalSection
	GlobalSection(SolutionProperties) = preSolution
		HideSolutionNode = FALSE
	EndGlobalSection
	GlobalSection(ExtensibilityGlobals) = postSolution
		SolutionGuid = {D27179AF-D2FE-4161-BA89-32DFF0B38185}
	EndGlobalSection
EndGlobal
